// !$*UTF8*$!
{
	archiveVersion = 1;
	classes = {
	};
	objectVersion = 56;
	objects = {

/* Begin PBXBuildFile section */
		15308639E9B244F3FFA1604E /* libPods-CountrySearch.a in Frameworks */ = {isa = PBXBuildFile; fileRef = AE3AF5C87371798DA3BC4336 /* libPods-CountrySearch.a */; };
		7939F0E32DC0DA2900F2F6BF /* AppDelegate.swift in Sources */ = {isa = PBXBuildFile; fileRef = 7939F0E22DC0DA2900F2F6BF /* AppDelegate.swift */; };
		7939F0E52DC0DA2900F2F6BF /* SceneDelegate.swift in Sources */ = {isa = PBXBuildFile; fileRef = 7939F0E42DC0DA2900F2F6BF /* SceneDelegate.swift */; };
		7939F0E72DC0DA2900F2F6BF /* ViewController.swift in Sources */ = {isa = PBXBuildFile; fileRef = 7939F0E62DC0DA2900F2F6BF /* ViewController.swift */; };
		7939F0EA2DC0DA2900F2F6BF /* Base in Resources */ = {isa = PBXBuildFile; fileRef = 7939F0E92DC0DA2900F2F6BF /* Base */; };
		7939F0EC2DC0DA2A00F2F6BF /* Assets.xcassets in Resources */ = {isa = PBXBuildFile; fileRef = 7939F0EB2DC0DA2A00F2F6BF /* Assets.xcassets */; };
		7939F0EF2DC0DA2A00F2F6BF /* Base in Resources */ = {isa = PBXBuildFile; fileRef = 7939F0EE2DC0DA2A00F2F6BF /* Base */; };
		7939F0FA2DC0DA2A00F2F6BF /* CountrySearchTests.swift in Sources */ = {isa = PBXBuildFile; fileRef = 7939F0F92DC0DA2A00F2F6BF /* CountrySearchTests.swift */; };
		7939F1042DC0DA2A00F2F6BF /* CountrySearchUITests.swift in Sources */ = {isa = PBXBuildFile; fileRef = 7939F1032DC0DA2A00F2F6BF /* CountrySearchUITests.swift */; };
		7939F1062DC0DA2A00F2F6BF /* CountrySearchUITestsLaunchTests.swift in Sources */ = {isa = PBXBuildFile; fileRef = 7939F1052DC0DA2A00F2F6BF /* CountrySearchUITestsLaunchTests.swift */; };
		7939F1142DC0DA6200F2F6BF /* CountrySearchViewController.swift in Sources */ = {isa = PBXBuildFile; fileRef = 7939F1132DC0DA6200F2F6BF /* CountrySearchViewController.swift */; };
		7939F1162DC0DA7000F2F6BF /* CountrySearchPresenter.swift in Sources */ = {isa = PBXBuildFile; fileRef = 7939F1152DC0DA7000F2F6BF /* CountrySearchPresenter.swift */; };
		7939F1182DC0DA7B00F2F6BF /* CountrySearchConfigurator.swift in Sources */ = {isa = PBXBuildFile; fileRef = 7939F1172DC0DA7B00F2F6BF /* CountrySearchConfigurator.swift */; };
		7939F11A2DC0DA8600F2F6BF /* CountrySearchRouter.swift in Sources */ = {isa = PBXBuildFile; fileRef = 7939F1192DC0DA8600F2F6BF /* CountrySearchRouter.swift */; };
		7939F11D2DC0DC8C00F2F6BF /* APIClient.swift in Sources */ = {isa = PBXBuildFile; fileRef = 7939F11C2DC0DC8C00F2F6BF /* APIClient.swift */; };
		7939F11F2DC0E38500F2F6BF /* Country.swift in Sources */ = {isa = PBXBuildFile; fileRef = 7939F11E2DC0E38500F2F6BF /* Country.swift */; };
		7939F1212DC0E40200F2F6BF /* CountriesDataManager.swift in Sources */ = {isa = PBXBuildFile; fileRef = 7939F1202DC0E40200F2F6BF /* CountriesDataManager.swift */; };
/* End PBXBuildFile section */

/* Begin PBXContainerItemProxy section */
		7939F0F62DC0DA2A00F2F6BF /* PBXContainerItemProxy */ = {
			isa = PBXContainerItemProxy;
			containerPortal = 7939F0D72DC0DA2900F2F6BF /* Project object */;
			proxyType = 1;
			remoteGlobalIDString = 7939F0DE2DC0DA2900F2F6BF;
			remoteInfo = CountrySearch;
		};
		7939F1002DC0DA2A00F2F6BF /* PBXContainerItemProxy */ = {
			isa = PBXContainerItemProxy;
			containerPortal = 7939F0D72DC0DA2900F2F6BF /* Project object */;
			proxyType = 1;
			remoteGlobalIDString = 7939F0DE2DC0DA2900F2F6BF;
			remoteInfo = CountrySearch;
		};
/* End PBXContainerItemProxy section */

/* Begin PBXFileReference section */
		7939F0DF2DC0DA2900F2F6BF /* CountrySearch.app */ = {isa = PBXFileReference; explicitFileType = wrapper.application; includeInIndex = 0; path = CountrySearch.app; sourceTree = BUILT_PRODUCTS_DIR; };
		7939F0E22DC0DA2900F2F6BF /* AppDelegate.swift */ = {isa = PBXFileReference; lastKnownFileType = sourcecode.swift; path = AppDelegate.swift; sourceTree = "<group>"; };
		7939F0E42DC0DA2900F2F6BF /* SceneDelegate.swift */ = {isa = PBXFileReference; lastKnownFileType = sourcecode.swift; path = SceneDelegate.swift; sourceTree = "<group>"; };
		7939F0E62DC0DA2900F2F6BF /* ViewController.swift */ = {isa = PBXFileReference; lastKnownFileType = sourcecode.swift; path = ViewController.swift; sourceTree = "<group>"; };
		7939F0E92DC0DA2900F2F6BF /* Base */ = {isa = PBXFileReference; lastKnownFileType = file.storyboard; name = Base; path = Base.lproj/Main.storyboard; sourceTree = "<group>"; };
		7939F0EB2DC0DA2A00F2F6BF /* Assets.xcassets */ = {isa = PBXFileReference; lastKnownFileType = folder.assetcatalog; path = Assets.xcassets; sourceTree = "<group>"; };
		7939F0EE2DC0DA2A00F2F6BF /* Base */ = {isa = PBXFileReference; lastKnownFileType = file.storyboard; name = Base; path = Base.lproj/LaunchScreen.storyboard; sourceTree = "<group>"; };
		7939F0F02DC0DA2A00F2F6BF /* Info.plist */ = {isa = PBXFileReference; lastKnownFileType = text.plist.xml; path = Info.plist; sourceTree = "<group>"; };
		7939F0F52DC0DA2A00F2F6BF /* CountrySearchTests.xctest */ = {isa = PBXFileReference; explicitFileType = wrapper.cfbundle; includeInIndex = 0; path = CountrySearchTests.xctest; sourceTree = BUILT_PRODUCTS_DIR; };
		7939F0F92DC0DA2A00F2F6BF /* CountrySearchTests.swift */ = {isa = PBXFileReference; lastKnownFileType = sourcecode.swift; path = CountrySearchTests.swift; sourceTree = "<group>"; };
		7939F0FF2DC0DA2A00F2F6BF /* CountrySearchUITests.xctest */ = {isa = PBXFileReference; explicitFileType = wrapper.cfbundle; includeInIndex = 0; path = CountrySearchUITests.xctest; sourceTree = BUILT_PRODUCTS_DIR; };
		7939F1032DC0DA2A00F2F6BF /* CountrySearchUITests.swift */ = {isa = PBXFileReference; lastKnownFileType = sourcecode.swift; path = CountrySearchUITests.swift; sourceTree = "<group>"; };
		7939F1052DC0DA2A00F2F6BF /* CountrySearchUITestsLaunchTests.swift */ = {isa = PBXFileReference; lastKnownFileType = sourcecode.swift; path = CountrySearchUITestsLaunchTests.swift; sourceTree = "<group>"; };
		7939F1132DC0DA6200F2F6BF /* CountrySearchViewController.swift */ = {isa = PBXFileReference; lastKnownFileType = sourcecode.swift; path = CountrySearchViewController.swift; sourceTree = "<group>"; };
		7939F1152DC0DA7000F2F6BF /* CountrySearchPresenter.swift */ = {isa = PBXFileReference; lastKnownFileType = sourcecode.swift; path = CountrySearchPresenter.swift; sourceTree = "<group>"; };
		7939F1172DC0DA7B00F2F6BF /* CountrySearchConfigurator.swift */ = {isa = PBXFileReference; lastKnownFileType = sourcecode.swift; path = CountrySearchConfigurator.swift; sourceTree = "<group>"; };
		7939F1192DC0DA8600F2F6BF /* CountrySearchRouter.swift */ = {isa = PBXFileReference; lastKnownFileType = sourcecode.swift; path = CountrySearchRouter.swift; sourceTree = "<group>"; };
		7939F11C2DC0DC8C00F2F6BF /* APIClient.swift */ = {isa = PBXFileReference; lastKnownFileType = sourcecode.swift; path = APIClient.swift; sourceTree = "<group>"; };
		7939F11E2DC0E38500F2F6BF /* Country.swift */ = {isa = PBXFileReference; lastKnownFileType = sourcecode.swift; path = Country.swift; sourceTree = "<group>"; };
		7939F1202DC0E40200F2F6BF /* CountriesDataManager.swift */ = {isa = PBXFileReference; lastKnownFileType = sourcecode.swift; path = CountriesDataManager.swift; sourceTree = "<group>"; };
		A745B8BB94FDAE58980C0D0A /* Pods-CountrySearch.release.xcconfig */ = {isa = PBXFileReference; includeInIndex = 1; lastKnownFileType = text.xcconfig; name = "Pods-CountrySearch.release.xcconfig"; path = "Target Support Files/Pods-CountrySearch/Pods-CountrySearch.release.xcconfig"; sourceTree = "<group>"; };
		AE3AF5C87371798DA3BC4336 /* libPods-CountrySearch.a */ = {isa = PBXFileReference; explicitFileType = archive.ar; includeInIndex = 0; path = "libPods-CountrySearch.a"; sourceTree = BUILT_PRODUCTS_DIR; };
		B36806EB1E271B6C4F4776DE /* Pods-CountrySearch.debug.xcconfig */ = {isa = PBXFileReference; includeInIndex = 1; lastKnownFileType = text.xcconfig; name = "Pods-CountrySearch.debug.xcconfig"; path = "Target Support Files/Pods-CountrySearch/Pods-CountrySearch.debug.xcconfig"; sourceTree = "<group>"; };
/* End PBXFileReference section */

/* Begin PBXFrameworksBuildPhase section */
		7939F0DC2DC0DA2900F2F6BF /* Frameworks */ = {
			isa = PBXFrameworksBuildPhase;
			buildActionMask = 2147483647;
			files = (
				15308639E9B244F3FFA1604E /* libPods-CountrySearch.a in Frameworks */,
			);
			runOnlyForDeploymentPostprocessing = 0;
		};
		7939F0F22DC0DA2A00F2F6BF /* Frameworks */ = {
			isa = PBXFrameworksBuildPhase;
			buildActionMask = 2147483647;
			files = (
			);
			runOnlyForDeploymentPostprocessing = 0;
		};
		7939F0FC2DC0DA2A00F2F6BF /* Frameworks */ = {
			isa = PBXFrameworksBuildPhase;
			buildActionMask = 2147483647;
			files = (
			);
			runOnlyForDeploymentPostprocessing = 0;
		};
/* End PBXFrameworksBuildPhase section */

/* Begin PBXGroup section */
		663173281BDA1DBD33D12017 /* Frameworks */ = {
			isa = PBXGroup;
			children = (
				AE3AF5C87371798DA3BC4336 /* libPods-CountrySearch.a */,
			);
			name = Frameworks;
			sourceTree = "<group>";
		};
		7939F0D62DC0DA2900F2F6BF = {
			isa = PBXGroup;
			children = (
				7939F0E12DC0DA2900F2F6BF /* CountrySearch */,
				7939F0F82DC0DA2A00F2F6BF /* CountrySearchTests */,
				7939F1022DC0DA2A00F2F6BF /* CountrySearchUITests */,
				7939F0E02DC0DA2900F2F6BF /* Products */,
				C0131C4C9BD91AC8196EE181 /* Pods */,
				663173281BDA1DBD33D12017 /* Frameworks */,
			);
			sourceTree = "<group>";
		};
		7939F0E02DC0DA2900F2F6BF /* Products */ = {
			isa = PBXGroup;
			children = (
				7939F0DF2DC0DA2900F2F6BF /* CountrySearch.app */,
				7939F0F52DC0DA2A00F2F6BF /* CountrySearchTests.xctest */,
				7939F0FF2DC0DA2A00F2F6BF /* CountrySearchUITests.xctest */,
			);
			name = Products;
			sourceTree = "<group>";
		};
		7939F0E12DC0DA2900F2F6BF /* CountrySearch */ = {
			isa = PBXGroup;
			children = (
				7939F11B2DC0DC7B00F2F6BF /* API Service */,
				7939F1122DC0DA3C00F2F6BF /* Country Search View */,
				7939F0E22DC0DA2900F2F6BF /* AppDelegate.swift */,
				7939F0E42DC0DA2900F2F6BF /* SceneDelegate.swift */,
				7939F0E62DC0DA2900F2F6BF /* ViewController.swift */,
				7939F0E82DC0DA2900F2F6BF /* Main.storyboard */,
				7939F0EB2DC0DA2A00F2F6BF /* Assets.xcassets */,
				7939F0ED2DC0DA2A00F2F6BF /* LaunchScreen.storyboard */,
				7939F0F02DC0DA2A00F2F6BF /* Info.plist */,
			);
			path = CountrySearch;
			sourceTree = "<group>";
		};
		7939F0F82DC0DA2A00F2F6BF /* CountrySearchTests */ = {
			isa = PBXGroup;
			children = (
				7939F0F92DC0DA2A00F2F6BF /* CountrySearchTests.swift */,
			);
			path = CountrySearchTests;
			sourceTree = "<group>";
		};
		7939F1022DC0DA2A00F2F6BF /* CountrySearchUITests */ = {
			isa = PBXGroup;
			children = (
				7939F1032DC0DA2A00F2F6BF /* CountrySearchUITests.swift */,
				7939F1052DC0DA2A00F2F6BF /* CountrySearchUITestsLaunchTests.swift */,
			);
			path = CountrySearchUITests;
			sourceTree = "<group>";
		};
		7939F1122DC0DA3C00F2F6BF /* Country Search View */ = {
			isa = PBXGroup;
			children = (
				7939F1132DC0DA6200F2F6BF /* CountrySearchViewController.swift */,
				7939F1172DC0DA7B00F2F6BF /* CountrySearchConfigurator.swift */,
				7939F1152DC0DA7000F2F6BF /* CountrySearchPresenter.swift */,
				7939F1192DC0DA8600F2F6BF /* CountrySearchRouter.swift */,
			);
			path = "Country Search View";
			sourceTree = "<group>";
		};
		7939F11B2DC0DC7B00F2F6BF /* API Service */ = {
			isa = PBXGroup;
			children = (
				7939F11C2DC0DC8C00F2F6BF /* APIClient.swift */,
				7939F11E2DC0E38500F2F6BF /* Country.swift */,
				7939F1202DC0E40200F2F6BF /* CountriesDataManager.swift */,
			);
			path = "API Service";
			sourceTree = "<group>";
		};
		C0131C4C9BD91AC8196EE181 /* Pods */ = {
			isa = PBXGroup;
			children = (
				B36806EB1E271B6C4F4776DE /* Pods-CountrySearch.debug.xcconfig */,
				A745B8BB94FDAE58980C0D0A /* Pods-CountrySearch.release.xcconfig */,
			);
			path = Pods;
			sourceTree = "<group>";
		};
/* End PBXGroup section */

/* Begin PBXNativeTarget section */
		7939F0DE2DC0DA2900F2F6BF /* CountrySearch */ = {
			isa = PBXNativeTarget;
			buildConfigurationList = 7939F1092DC0DA2A00F2F6BF /* Build configuration list for PBXNativeTarget "CountrySearch" */;
			buildPhases = (
				4EF42EA7761FB2A9DB006764 /* [CP] Check Pods Manifest.lock */,
				7939F0DB2DC0DA2900F2F6BF /* Sources */,
				7939F0DC2DC0DA2900F2F6BF /* Frameworks */,
				7939F0DD2DC0DA2900F2F6BF /* Resources */,
				917C7125825756CAB109835A /* [CP] Copy Pods Resources */,
			);
			buildRules = (
			);
			dependencies = (
			);
			name = CountrySearch;
			productName = CountrySearch;
			productReference = 7939F0DF2DC0DA2900F2F6BF /* CountrySearch.app */;
			productType = "com.apple.product-type.application";
		};
		7939F0F42DC0DA2A00F2F6BF /* CountrySearchTests */ = {
			isa = PBXNativeTarget;
			buildConfigurationList = 7939F10C2DC0DA2A00F2F6BF /* Build configuration list for PBXNativeTarget "CountrySearchTests" */;
			buildPhases = (
				7939F0F12DC0DA2A00F2F6BF /* Sources */,
				7939F0F22DC0DA2A00F2F6BF /* Frameworks */,
				7939F0F32DC0DA2A00F2F6BF /* Resources */,
			);
			buildRules = (
			);
			dependencies = (
				7939F0F72DC0DA2A00F2F6BF /* PBXTargetDependency */,
			);
			name = CountrySearchTests;
			productName = CountrySearchTests;
			productReference = 7939F0F52DC0DA2A00F2F6BF /* CountrySearchTests.xctest */;
			productType = "com.apple.product-type.bundle.unit-test";
		};
		7939F0FE2DC0DA2A00F2F6BF /* CountrySearchUITests */ = {
			isa = PBXNativeTarget;
			buildConfigurationList = 7939F10F2DC0DA2A00F2F6BF /* Build configuration list for PBXNativeTarget "CountrySearchUITests" */;
			buildPhases = (
				7939F0FB2DC0DA2A00F2F6BF /* Sources */,
				7939F0FC2DC0DA2A00F2F6BF /* Frameworks */,
				7939F0FD2DC0DA2A00F2F6BF /* Resources */,
			);
			buildRules = (
			);
			dependencies = (
				7939F1012DC0DA2A00F2F6BF /* PBXTargetDependency */,
			);
			name = CountrySearchUITests;
			productName = CountrySearchUITests;
			productReference = 7939F0FF2DC0DA2A00F2F6BF /* CountrySearchUITests.xctest */;
			productType = "com.apple.product-type.bundle.ui-testing";
		};
/* End PBXNativeTarget section */

/* Begin PBXProject section */
		7939F0D72DC0DA2900F2F6BF /* Project object */ = {
			isa = PBXProject;
			attributes = {
				BuildIndependentTargetsInParallel = 1;
				LastSwiftUpdateCheck = 1540;
				LastUpgradeCheck = 1540;
				TargetAttributes = {
					7939F0DE2DC0DA2900F2F6BF = {
						CreatedOnToolsVersion = 15.4;
					};
					7939F0F42DC0DA2A00F2F6BF = {
						CreatedOnToolsVersion = 15.4;
						TestTargetID = 7939F0DE2DC0DA2900F2F6BF;
					};
					7939F0FE2DC0DA2A00F2F6BF = {
						CreatedOnToolsVersion = 15.4;
						TestTargetID = 7939F0DE2DC0DA2900F2F6BF;
					};
				};
			};
			buildConfigurationList = 7939F0DA2DC0DA2900F2F6BF /* Build configuration list for PBXProject "CountrySearch" */;
			compatibilityVersion = "Xcode 14.0";
			developmentRegion = en;
			hasScannedForEncodings = 0;
			knownRegions = (
				en,
				Base,
			);
			mainGroup = 7939F0D62DC0DA2900F2F6BF;
			productRefGroup = 7939F0E02DC0DA2900F2F6BF /* Products */;
			projectDirPath = "";
			projectRoot = "";
			targets = (
				7939F0DE2DC0DA2900F2F6BF /* CountrySearch */,
				7939F0F42DC0DA2A00F2F6BF /* CountrySearchTests */,
				7939F0FE2DC0DA2A00F2F6BF /* CountrySearchUITests */,
			);
		};
/* End PBXProject section */

/* Begin PBXResourcesBuildPhase section */
		7939F0DD2DC0DA2900F2F6BF /* Resources */ = {
			isa = PBXResourcesBuildPhase;
			buildActionMask = 2147483647;
			files = (
				7939F0EC2DC0DA2A00F2F6BF /* Assets.xcassets in Resources */,
				7939F0EF2DC0DA2A00F2F6BF /* Base in Resources */,
				7939F0EA2DC0DA2900F2F6BF /* Base in Resources */,
			);
			runOnlyForDeploymentPostprocessing = 0;
		};
		7939F0F32DC0DA2A00F2F6BF /* Resources */ = {
			isa = PBXResourcesBuildPhase;
			buildActionMask = 2147483647;
			files = (
			);
			runOnlyForDeploymentPostprocessing = 0;
		};
		7939F0FD2DC0DA2A00F2F6BF /* Resources */ = {
			isa = PBXResourcesBuildPhase;
			buildActionMask = 2147483647;
			files = (
			);
			runOnlyForDeploymentPostprocessing = 0;
		};
/* End PBXResourcesBuildPhase section */

/* Begin PBXShellScriptBuildPhase section */
		4EF42EA7761FB2A9DB006764 /* [CP] Check Pods Manifest.lock */ = {
			isa = PBXShellScriptBuildPhase;
			buildActionMask = 2147483647;
			files = (
			);
			inputFileListPaths = (
			);
			inputPaths = (
				"${PODS_PODFILE_DIR_PATH}/Podfile.lock",
				"${PODS_ROOT}/Manifest.lock",
			);
			name = "[CP] Check Pods Manifest.lock";
			outputFileListPaths = (
			);
			outputPaths = (
				"$(DERIVED_FILE_DIR)/Pods-CountrySearch-checkManifestLockResult.txt",
			);
			runOnlyForDeploymentPostprocessing = 0;
			shellPath = /bin/sh;
			shellScript = "diff \"${PODS_PODFILE_DIR_PATH}/Podfile.lock\" \"${PODS_ROOT}/Manifest.lock\" > /dev/null\nif [ $? != 0 ] ; then\n    # print error to STDERR\n    echo \"error: The sandbox is not in sync with the Podfile.lock. Run 'pod install' or update your CocoaPods installation.\" >&2\n    exit 1\nfi\n# This output is used by Xcode 'outputs' to avoid re-running this script phase.\necho \"SUCCESS\" > \"${SCRIPT_OUTPUT_FILE_0}\"\n";
			showEnvVarsInLog = 0;
		};
		917C7125825756CAB109835A /* [CP] Copy Pods Resources */ = {
			isa = PBXShellScriptBuildPhase;
			buildActionMask = 2147483647;
			files = (
			);
			inputFileListPaths = (
				"${PODS_ROOT}/Target Support Files/Pods-CountrySearch/Pods-CountrySearch-resources-${CONFIGURATION}-input-files.xcfilelist",
			);
			name = "[CP] Copy Pods Resources";
			outputFileListPaths = (
				"${PODS_ROOT}/Target Support Files/Pods-CountrySearch/Pods-CountrySearch-resources-${CONFIGURATION}-output-files.xcfilelist",
			);
			runOnlyForDeploymentPostprocessing = 0;
			shellPath = /bin/sh;
			shellScript = "\"${PODS_ROOT}/Target Support Files/Pods-CountrySearch/Pods-CountrySearch-resources.sh\"\n";
			showEnvVarsInLog = 0;
		};
/* End PBXShellScriptBuildPhase section */

/* Begin PBXSourcesBuildPhase section */
		7939F0DB2DC0DA2900F2F6BF /* Sources */ = {
			isa = PBXSourcesBuildPhase;
			buildActionMask = 2147483647;
			files = (
				7939F1212DC0E40200F2F6BF /* CountriesDataManager.swift in Sources */,
				7939F0E72DC0DA2900F2F6BF /* ViewController.swift in Sources */,
				7939F11F2DC0E38500F2F6BF /* Country.swift in Sources */,
				7939F0E32DC0DA2900F2F6BF /* AppDelegate.swift in Sources */,
				7939F1162DC0DA7000F2F6BF /* CountrySearchPresenter.swift in Sources */,
				7939F11D2DC0DC8C00F2F6BF /* APIClient.swift in Sources */,
				7939F11A2DC0DA8600F2F6BF /* CountrySearchRouter.swift in Sources */,
				7939F1182DC0DA7B00F2F6BF /* CountrySearchConfigurator.swift in Sources */,
				7939F0E52DC0DA2900F2F6BF /* SceneDelegate.swift in Sources */,
				7939F1142DC0DA6200F2F6BF /* CountrySearchViewController.swift in Sources */,
			);
			runOnlyForDeploymentPostprocessing = 0;
		};
		7939F0F12DC0DA2A00F2F6BF /* Sources */ = {
			isa = PBXSourcesBuildPhase;
			buildActionMask = 2147483647;
			files = (
				7939F0FA2DC0DA2A00F2F6BF /* CountrySearchTests.swift in Sources */,
			);
			runOnlyForDeploymentPostprocessing = 0;
		};
		7939F0FB2DC0DA2A00F2F6BF /* Sources */ = {
			isa = PBXSourcesBuildPhase;
			buildActionMask = 2147483647;
			files = (
				7939F1042DC0DA2A00F2F6BF /* CountrySearchUITests.swift in Sources */,
				7939F1062DC0DA2A00F2F6BF /* CountrySearchUITestsLaunchTests.swift in Sources */,
			);
			runOnlyForDeploymentPostprocessing = 0;
		};
/* End PBXSourcesBuildPhase section */

/* Begin PBXTargetDependency section */
		7939F0F72DC0DA2A00F2F6BF /* PBXTargetDependency */ = {
			isa = PBXTargetDependency;
			target = 7939F0DE2DC0DA2900F2F6BF /* CountrySearch */;
			targetProxy = 7939F0F62DC0DA2A00F2F6BF /* PBXContainerItemProxy */;
		};
		7939F1012DC0DA2A00F2F6BF /* PBXTargetDependency */ = {
			isa = PBXTargetDependency;
			target = 7939F0DE2DC0DA2900F2F6BF /* CountrySearch */;
			targetProxy = 7939F1002DC0DA2A00F2F6BF /* PBXContainerItemProxy */;
		};
/* End PBXTargetDependency section */

/* Begin PBXVariantGroup section */
		7939F0E82DC0DA2900F2F6BF /* Main.storyboard */ = {
			isa = PBXVariantGroup;
			children = (
				7939F0E92DC0DA2900F2F6BF /* Base */,
			);
			name = Main.storyboard;
			sourceTree = "<group>";
		};
		7939F0ED2DC0DA2A00F2F6BF /* LaunchScreen.storyboard */ = {
			isa = PBXVariantGroup;
			children = (
				7939F0EE2DC0DA2A00F2F6BF /* Base */,
			);
			name = LaunchScreen.storyboard;
			sourceTree = "<group>";
		};
/* End PBXVariantGroup section */

/* Begin XCBuildConfiguration section */
		7939F1072DC0DA2A00F2F6BF /* Debug */ = {
			isa = XCBuildConfiguration;
			buildSettings = {
				ALWAYS_SEARCH_USER_PATHS = NO;
				ASSETCATALOG_COMPILER_GENERATE_SWIFT_ASSET_SYMBOL_EXTENSIONS = YES;
				CLANG_ANALYZER_NONNULL = YES;
				CLANG_ANALYZER_NUMBER_OBJECT_CONVERSION = YES_AGGRESSIVE;
				CLANG_CXX_LANGUAGE_STANDARD = "gnu++20";
				CLANG_ENABLE_MODULES = YES;
				CLANG_ENABLE_OBJC_ARC = YES;
				CLANG_ENABLE_OBJC_WEAK = YES;
				CLANG_WARN_BLOCK_CAPTURE_AUTORELEASING = YES;
				CLANG_WARN_BOOL_CONVERSION = YES;
				CLANG_WARN_COMMA = YES;
				CLANG_WARN_CONSTANT_CONVERSION = YES;
				CLANG_WARN_DEPRECATED_OBJC_IMPLEMENTATIONS = YES;
				CLANG_WARN_DIRECT_OBJC_ISA_USAGE = YES_ERROR;
				CLANG_WARN_DOCUMENTATION_COMMENTS = YES;
				CLANG_WARN_EMPTY_BODY = YES;
				CLANG_WARN_ENUM_CONVERSION = YES;
				CLANG_WARN_INFINITE_RECURSION = YES;
				CLANG_WARN_INT_CONVERSION = YES;
				CLANG_WARN_NON_LITERAL_NULL_CONVERSION = YES;
				CLANG_WARN_OBJC_IMPLICIT_RETAIN_SELF = YES;
				CLANG_WARN_OBJC_LITERAL_CONVERSION = YES;
				CLANG_WARN_OBJC_ROOT_CLASS = YES_ERROR;
				CLANG_WARN_QUOTED_INCLUDE_IN_FRAMEWORK_HEADER = YES;
				CLANG_WARN_RANGE_LOOP_ANALYSIS = YES;
				CLANG_WARN_STRICT_PROTOTYPES = YES;
				CLANG_WARN_SUSPICIOUS_MOVE = YES;
				CLANG_WARN_UNGUARDED_AVAILABILITY = YES_AGGRESSIVE;
				CLANG_WARN_UNREACHABLE_CODE = YES;
				CLANG_WARN__DUPLICATE_METHOD_MATCH = YES;
				COPY_PHASE_STRIP = NO;
				DEBUG_INFORMATION_FORMAT = dwarf;
				ENABLE_STRICT_OBJC_MSGSEND = YES;
				ENABLE_TESTABILITY = YES;
				ENABLE_USER_SCRIPT_SANDBOXING = YES;
				GCC_C_LANGUAGE_STANDARD = gnu17;
				GCC_DYNAMIC_NO_PIC = NO;
				GCC_NO_COMMON_BLOCKS = YES;
				GCC_OPTIMIZATION_LEVEL = 0;
				GCC_PREPROCESSOR_DEFINITIONS = (
					"DEBUG=1",
					"$(inherited)",
				);
				GCC_WARN_64_TO_32_BIT_CONVERSION = YES;
				GCC_WARN_ABOUT_RETURN_TYPE = YES_ERROR;
				GCC_WARN_UNDECLARED_SELECTOR = YES;
				GCC_WARN_UNINITIALIZED_AUTOS = YES_AGGRESSIVE;
				GCC_WARN_UNUSED_FUNCTION = YES;
				GCC_WARN_UNUSED_VARIABLE = YES;
				IPHONEOS_DEPLOYMENT_TARGET = 17.5;
				LOCALIZATION_PREFERS_STRING_CATALOGS = YES;
				MTL_ENABLE_DEBUG_INFO = INCLUDE_SOURCE;
				MTL_FAST_MATH = YES;
				ONLY_ACTIVE_ARCH = YES;
				SDKROOT = iphoneos;
				SWIFT_ACTIVE_COMPILATION_CONDITIONS = "DEBUG $(inherited)";
				SWIFT_OPTIMIZATION_LEVEL = "-Onone";
			};
			name = Debug;
		};
		7939F1082DC0DA2A00F2F6BF /* Release */ = {
			isa = XCBuildConfiguration;
			buildSettings = {
				ALWAYS_SEARCH_USER_PATHS = NO;
				ASSETCATALOG_COMPILER_GENERATE_SWIFT_ASSET_SYMBOL_EXTENSIONS = YES;
				CLANG_ANALYZER_NONNULL = YES;
				CLANG_ANALYZER_NUMBER_OBJECT_CONVERSION = YES_AGGRESSIVE;
				CLANG_CXX_LANGUAGE_STANDARD = "gnu++20";
				CLANG_ENABLE_MODULES = YES;
				CLANG_ENABLE_OBJC_ARC = YES;
				CLANG_ENABLE_OBJC_WEAK = YES;
				CLANG_WARN_BLOCK_CAPTURE_AUTORELEASING = YES;
				CLANG_WARN_BOOL_CONVERSION = YES;
				CLANG_WARN_COMMA = YES;
				CLANG_WARN_CONSTANT_CONVERSION = YES;
				CLANG_WARN_DEPRECATED_OBJC_IMPLEMENTATIONS = YES;
				CLANG_WARN_DIRECT_OBJC_ISA_USAGE = YES_ERROR;
				CLANG_WARN_DOCUMENTATION_COMMENTS = YES;
				CLANG_WARN_EMPTY_BODY = YES;
				CLANG_WARN_ENUM_CONVERSION = YES;
				CLANG_WARN_INFINITE_RECURSION = YES;
				CLANG_WARN_INT_CONVERSION = YES;
				CLANG_WARN_NON_LITERAL_NULL_CONVERSION = YES;
				CLANG_WARN_OBJC_IMPLICIT_RETAIN_SELF = YES;
				CLANG_WARN_OBJC_LITERAL_CONVERSION = YES;
				CLANG_WARN_OBJC_ROOT_CLASS = YES_ERROR;
				CLANG_WARN_QUOTED_INCLUDE_IN_FRAMEWORK_HEADER = YES;
				CLANG_WARN_RANGE_LOOP_ANALYSIS = YES;
				CLANG_WARN_STRICT_PROTOTYPES = YES;
				CLANG_WARN_SUSPICIOUS_MOVE = YES;
				CLANG_WARN_UNGUARDED_AVAILABILITY = YES_AGGRESSIVE;
				CLANG_WARN_UNREACHABLE_CODE = YES;
				CLANG_WARN__DUPLICATE_METHOD_MATCH = YES;
				COPY_PHASE_STRIP = NO;
				DEBUG_INFORMATION_FORMAT = "dwarf-with-dsym";
				ENABLE_NS_ASSERTIONS = NO;
				ENABLE_STRICT_OBJC_MSGSEND = YES;
				ENABLE_USER_SCRIPT_SANDBOXING = YES;
				GCC_C_LANGUAGE_STANDARD = gnu17;
				GCC_NO_COMMON_BLOCKS = YES;
				GCC_WARN_64_TO_32_BIT_CONVERSION = YES;
				GCC_WARN_ABOUT_RETURN_TYPE = YES_ERROR;
				GCC_WARN_UNDECLARED_SELECTOR = YES;
				GCC_WARN_UNINITIALIZED_AUTOS = YES_AGGRESSIVE;
				GCC_WARN_UNUSED_FUNCTION = YES;
				GCC_WARN_UNUSED_VARIABLE = YES;
				IPHONEOS_DEPLOYMENT_TARGET = 17.5;
				LOCALIZATION_PREFERS_STRING_CATALOGS = YES;
				MTL_ENABLE_DEBUG_INFO = NO;
				MTL_FAST_MATH = YES;
				SDKROOT = iphoneos;
				SWIFT_COMPILATION_MODE = wholemodule;
				VALIDATE_PRODUCT = YES;
			};
			name = Release;
		};
		7939F10A2DC0DA2A00F2F6BF /* Debug */ = {
			isa = XCBuildConfiguration;
			baseConfigurationReference = B36806EB1E271B6C4F4776DE /* Pods-CountrySearch.debug.xcconfig */;
			buildSettings = {
				ASSETCATALOG_COMPILER_APPICON_NAME = AppIcon;
				ASSETCATALOG_COMPILER_GLOBAL_ACCENT_COLOR_NAME = AccentColor;
				CODE_SIGN_STYLE = Automatic;
				CURRENT_PROJECT_VERSION = 1;
				DEVELOPMENT_TEAM = VQX7TCDFWY;
				ENABLE_USER_SCRIPT_SANDBOXING = NO;
				GENERATE_INFOPLIST_FILE = YES;
				INFOPLIST_FILE = CountrySearch/Info.plist;
				INFOPLIST_KEY_UIApplicationSupportsIndirectInputEvents = YES;
				INFOPLIST_KEY_UILaunchStoryboardName = LaunchScreen;
				INFOPLIST_KEY_UIMainStoryboardFile = Main;
				INFOPLIST_KEY_UISupportedInterfaceOrientations_iPad = "UIInterfaceOrientationPortrait UIInterfaceOrientationPortraitUpsideDown UIInterfaceOrientationLandscapeLeft UIInterfaceOrientationLandscapeRight";
				INFOPLIST_KEY_UISupportedInterfaceOrientations_iPhone = "UIInterfaceOrientationPortrait UIInterfaceOrientationLandscapeLeft UIInterfaceOrientationLandscapeRight";
				LD_RUNPATH_SEARCH_PATHS = (
					"$(inherited)",
					"@executable_path/Frameworks",
				);
				MARKETING_VERSION = 1.0;
				PRODUCT_BUNDLE_IDENTIFIER = com.karen.CountrySearch;
				PRODUCT_NAME = "$(TARGET_NAME)";
				SWIFT_EMIT_LOC_STRINGS = YES;
				SWIFT_VERSION = 5.0;
				TARGETED_DEVICE_FAMILY = "1,2";
			};
			name = Debug;
		};
		7939F10B2DC0DA2A00F2F6BF /* Release */ = {
			isa = XCBuildConfiguration;
			baseConfigurationReference = A745B8BB94FDAE58980C0D0A /* Pods-CountrySearch.release.xcconfig */;
			buildSettings = {
				ASSETCATALOG_COMPILER_APPICON_NAME = AppIcon;
				ASSETCATALOG_COMPILER_GLOBAL_ACCENT_COLOR_NAME = AccentColor;
				CODE_SIGN_STYLE = Automatic;
				CURRENT_PROJECT_VERSION = 1;
				DEVELOPMENT_TEAM = VQX7TCDFWY;
				ENABLE_USER_SCRIPT_SANDBOXING = NO;
				GENERATE_INFOPLIST_FILE = YES;
				INFOPLIST_FILE = CountrySearch/Info.plist;
				INFOPLIST_KEY_UIApplicationSupportsIndirectInputEvents = YES;
				INFOPLIST_KEY_UILaunchStoryboardName = LaunchScreen;
				INFOPLIST_KEY_UIMainStoryboardFile = Main;
				INFOPLIST_KEY_UISupportedInterfaceOrientations_iPad = "UIInterfaceOrientationPortrait UIInterfaceOrientationPortraitUpsideDown UIInterfaceOrientationLandscapeLeft UIInterfaceOrientationLandscapeRight";
				INFOPLIST_KEY_UISupportedInterfaceOrientations_iPhone = "UIInterfaceOrientationPortrait UIInterfaceOrientationLandscapeLeft UIInterfaceOrientationLandscapeRight";
				LD_RUNPATH_SEARCH_PATHS = (
					"$(inherited)",
					"@executable_path/Frameworks",
				);
				MARKETING_VERSION = 1.0;
				PRODUCT_BUNDLE_IDENTIFIER = com.karen.CountrySearch;
				PRODUCT_NAME = "$(TARGET_NAME)";
				SWIFT_EMIT_LOC_STRINGS = YES;
				SWIFT_VERSION = 5.0;
				TARGETED_DEVICE_FAMILY = "1,2";
			};
			name = Release;
		};
		7939F10D2DC0DA2A00F2F6BF /* Debug */ = {
			isa = XCBuildConfiguration;
			buildSettings = {
				ALWAYS_EMBED_SWIFT_STANDARD_LIBRARIES = YES;
				BUNDLE_LOADER = "$(TEST_HOST)";
				CODE_SIGN_STYLE = Automatic;
				CURRENT_PROJECT_VERSION = 1;
				DEVELOPMENT_TEAM = VQX7TCDFWY;
				GENERATE_INFOPLIST_FILE = YES;
				IPHONEOS_DEPLOYMENT_TARGET = 17.5;
				MARKETING_VERSION = 1.0;
				PRODUCT_BUNDLE_IDENTIFIER = com.karen.CountrySearchTests;
				PRODUCT_NAME = "$(TARGET_NAME)";
				SWIFT_EMIT_LOC_STRINGS = NO;
				SWIFT_VERSION = 5.0;
				TARGETED_DEVICE_FAMILY = "1,2";
				TEST_HOST = "$(BUILT_PRODUCTS_DIR)/CountrySearch.app/$(BUNDLE_EXECUTABLE_FOLDER_PATH)/CountrySearch";
			};
			name = Debug;
		};
		7939F10E2DC0DA2A00F2F6BF /* Release */ = {
			isa = XCBuildConfiguration;
			buildSettings = {
				ALWAYS_EMBED_SWIFT_STANDARD_LIBRARIES = YES;
				BUNDLE_LOADER = "$(TEST_HOST)";
				CODE_SIGN_STYLE = Automatic;
				CURRENT_PROJECT_VERSION = 1;
				DEVELOPMENT_TEAM = VQX7TCDFWY;
				GENERATE_INFOPLIST_FILE = YES;
				IPHONEOS_DEPLOYMENT_TARGET = 17.5;
				MARKETING_VERSION = 1.0;
				PRODUCT_BUNDLE_IDENTIFIER = com.karen.CountrySearchTests;
				PRODUCT_NAME = "$(TARGET_NAME)";
				SWIFT_EMIT_LOC_STRINGS = NO;
				SWIFT_VERSION = 5.0;
				TARGETED_DEVICE_FAMILY = "1,2";
				TEST_HOST = "$(BUILT_PRODUCTS_DIR)/CountrySearch.app/$(BUNDLE_EXECUTABLE_FOLDER_PATH)/CountrySearch";
			};
			name = Release;
		};
		7939F1102DC0DA2A00F2F6BF /* Debug */ = {
			isa = XCBuildConfiguration;
			buildSettings = {
				ALWAYS_EMBED_SWIFT_STANDARD_LIBRARIES = YES;
				CODE_SIGN_STYLE = Automatic;
				CURRENT_PROJECT_VERSION = 1;
				DEVELOPMENT_TEAM = VQX7TCDFWY;
				GENERATE_INFOPLIST_FILE = YES;
				MARKETING_VERSION = 1.0;
				PRODUCT_BUNDLE_IDENTIFIER = com.karen.CountrySearchUITests;
				PRODUCT_NAME = "$(TARGET_NAME)";
				SWIFT_EMIT_LOC_STRINGS = NO;
				SWIFT_VERSION = 5.0;
				TARGETED_DEVICE_FAMILY = "1,2";
				TEST_TARGET_NAME = CountrySearch;
			};
			name = Debug;
		};
		7939F1112DC0DA2A00F2F6BF /* Release */ = {
			isa = XCBuildConfiguration;
			buildSettings = {
				ALWAYS_EMBED_SWIFT_STANDARD_LIBRARIES = YES;
				CODE_SIGN_STYLE = Automatic;
				CURRENT_PROJECT_VERSION = 1;
				DEVELOPMENT_TEAM = VQX7TCDFWY;
				GENERATE_INFOPLIST_FILE = YES;
				MARKETING_VERSION = 1.0;
				PRODUCT_BUNDLE_IDENTIFIER = com.karen.CountrySearchUITests;
				PRODUCT_NAME = "$(TARGET_NAME)";
				SWIFT_EMIT_LOC_STRINGS = NO;
				SWIFT_VERSION = 5.0;
				TARGETED_DEVICE_FAMILY = "1,2";
				TEST_TARGET_NAME = CountrySearch;
			};
			name = Release;
		};
/* End XCBuildConfiguration section */

/* Begin XCConfigurationList section */
		7939F0DA2DC0DA2900F2F6BF /* Build configuration list for PBXProject "CountrySearch" */ = {
			isa = XCConfigurationList;
			buildConfigurations = (
				7939F1072DC0DA2A00F2F6BF /* Debug */,
				7939F1082DC0DA2A00F2F6BF /* Release */,
			);
			defaultConfigurationIsVisible = 0;
			defaultConfigurationName = Release;
		};
		7939F1092DC0DA2A00F2F6BF /* Build configuration list for PBXNativeTarget "CountrySearch" */ = {
			isa = XCConfigurationList;
			buildConfigurations = (
				7939F10A2DC0DA2A00F2F6BF /* Debug */,
				7939F10B2DC0DA2A00F2F6BF /* Release */,
			);
			defaultConfigurationIsVisible = 0;
			defaultConfigurationName = Release;
		};
		7939F10C2DC0DA2A00F2F6BF /* Build configuration list for PBXNativeTarget "CountrySearchTests" */ = {
			isa = XCConfigurationList;
			buildConfigurations = (
				7939F10D2DC0DA2A00F2F6BF /* Debug */,
				7939F10E2DC0DA2A00F2F6BF /* Release */,
			);
			defaultConfigurationIsVisible = 0;
			defaultConfigurationName = Release;
		};
		7939F10F2DC0DA2A00F2F6BF /* Build configuration list for PBXNativeTarget "CountrySearchUITests" */ = {
			isa = XCConfigurationList;
			buildConfigurations = (
				7939F1102DC0DA2A00F2F6BF /* Debug */,
				7939F1112DC0DA2A00F2F6BF /* Release */,
			);
			defaultConfigurationIsVisible = 0;
			defaultConfigurationName = Release;
		};
/* End XCConfigurationList section */
	};
	rootObject = 7939F0D72DC0DA2900F2F6BF /* Project object */;
}
